
Microsoft Visual Studio Solution File, Format Version 12.00
# Visual Studio 15
VisualStudioVersion = 15.0.28307.1209
MinimumVisualStudioVersion = 10.0.40219.1
Project("{FAE04EC0-301F-11D3-BF4B-00C04F79EFBC}") = "ConsoleApp8", "ConsoleApp8\ConsoleApp8.csproj", "{DAF8D2A2-D40A-4782-B25E-781C4AFDD01B}"
EndProject
Project("{FAE04EC0-301F-11D3-BF4B-00C04F79EFBC}") = "DataBaseBibliary", "DataBaseBibliary\DataBaseBibliary.csproj", "{875ACEF2-AD51-467C-B4F0-0CFCC36F0926}"
EndProject
Global
	GlobalSection(SolutionConfigurationPlatforms) = preSolution
		Debug|Any CPU = Debug|Any CPU
		Release|Any CPU = Release|Any CPU
	EndGlobalSection
	GlobalSection(ProjectConfigurationPlatforms) = postSolution
		{DAF8D2A2-D40A-4782-B25E-781C4AFDD01B}.Debug|Any CPU.ActiveCfg = Debug|Any CPU
		{DAF8D2A2-D40A-4782-B25E-781C4AFDD01B}.Debug|Any CPU.Build.0 = Debug|Any CPU
		{DAF8D2A2-D40A-4782-B25E-781C4AFDD01B}.Release|Any CPU.ActiveCfg = Release|Any CPU
		{DAF8D2A2-D40A-4782-B25E-781C4AFDD01B}.Release|Any CPU.Build.0 = Release|Any CPU
		{875ACEF2-AD51-467C-B4F0-0CFCC36F0926}.Debug|Any CPU.ActiveCfg = Debug|Any CPU
		{875ACEF2-AD51-467C-B4F0-0CFCC36F0926}.Debug|Any CPU.Build.0 = Debug|Any CPU
		{875ACEF2-AD51-467C-B4F0-0CFCC36F0926}.Release|Any CPU.ActiveCfg = Release|Any CPU
		{875ACEF2-AD51-467C-B4F0-0CFCC36F0926}.Release|Any CPU.Build.0 = Release|Any CPU
	EndGlobalSection
	GlobalSection(SolutionProperties) = preSolution
		HideSolutionNode = FALSE
	EndGlobalSection
	GlobalSection(ExtensibilityGlobals) = postSolution
		SolutionGuid = {D4296296-A715-40A2-B913-4282700010AA}
	EndGlobalSection
EndGlobal
